
Microsoft Visual Studio Solution File, Format Version 12.00
# Visual Studio Version 16
VisualStudioVersion = 16.0.31205.134
MinimumVisualStudioVersion = 10.0.40219.1
Project("{FAE04EC0-301F-11D3-BF4B-00C04F79EFBC}") = "Authentication", "src\Services\Authentication\Authentication.csproj", "{B879EA46-1DE2-4C1C-B3E0-E275D2DD62CE}"
EndProject
Project("{FAE04EC0-301F-11D3-BF4B-00C04F79EFBC}") = "Customer", "src\Services\Customer\Customer.csproj", "{F793BF20-3156-4EF6-866A-5B910A5EC9C9}"
EndProject
Project("{FAE04EC0-301F-11D3-BF4B-00C04F79EFBC}") = "Supplier", "src\Services\Supplier\Supplier.csproj", "{98317238-D8DD-4236-94ED-87AA0D95696E}"
EndProject
Project("{2150E333-8FDC-42A3-9474-1A3956D46DE8}") = "BuildingBlocks", "BuildingBlocks", "{19857BF0-BC40-11EC-9C2A-657D489446C2}"
EndProject
Project("{2150E333-8FDC-42A3-9474-1A3956D46DE8}") = "Services", "Services", "{1C8FD5C0-BC40-11EC-9C2A-657D489446C2}"
EndProject
Project("{FAE04EC0-301F-11D3-BF4B-00C04F79EFBC}") = "Seedwork", "src\BuildingBlocks\Seedwork\Seedwork.csproj", "{7490420D-A259-4318-A724-DF6D1E373D0A}"
EndProject
Global
	GlobalSection(SolutionProperties) = preSolution
		HideSolutionNode = FALSE
	EndGlobalSection
	GlobalSection(ExtensibilityGlobals) = postSolution
		SolutionGuid = {39DF4798-161B-4972-B820-E1FADF92C51C}
	EndGlobalSection
	GlobalSection(SolutionConfigurationPlatforms) = preSolution
		Debug|Any CPU = Debug|Any CPU
		Debug|x64 = Debug|x64
		Debug|x86 = Debug|x86
		Release|Any CPU = Release|Any CPU
		Release|x64 = Release|x64
		Release|x86 = Release|x86
	EndGlobalSection
	GlobalSection(ProjectConfigurationPlatforms) = postSolution
		{B879EA46-1DE2-4C1C-B3E0-E275D2DD62CE}.Debug|Any CPU.ActiveCfg = Debug|Any CPU
		{B879EA46-1DE2-4C1C-B3E0-E275D2DD62CE}.Debug|Any CPU.Build.0 = Debug|Any CPU
		{B879EA46-1DE2-4C1C-B3E0-E275D2DD62CE}.Debug|x64.ActiveCfg = Debug|Any CPU
		{B879EA46-1DE2-4C1C-B3E0-E275D2DD62CE}.Debug|x64.Build.0 = Debug|Any CPU
		{B879EA46-1DE2-4C1C-B3E0-E275D2DD62CE}.Debug|x86.ActiveCfg = Debug|Any CPU
		{B879EA46-1DE2-4C1C-B3E0-E275D2DD62CE}.Debug|x86.Build.0 = Debug|Any CPU
		{B879EA46-1DE2-4C1C-B3E0-E275D2DD62CE}.Release|Any CPU.ActiveCfg = Release|Any CPU
		{B879EA46-1DE2-4C1C-B3E0-E275D2DD62CE}.Release|Any CPU.Build.0 = Release|Any CPU
		{B879EA46-1DE2-4C1C-B3E0-E275D2DD62CE}.Release|x64.ActiveCfg = Release|Any CPU
		{B879EA46-1DE2-4C1C-B3E0-E275D2DD62CE}.Release|x64.Build.0 = Release|Any CPU
		{B879EA46-1DE2-4C1C-B3E0-E275D2DD62CE}.Release|x86.ActiveCfg = Release|Any CPU
		{B879EA46-1DE2-4C1C-B3E0-E275D2DD62CE}.Release|x86.Build.0 = Release|Any CPU
		{F793BF20-3156-4EF6-866A-5B910A5EC9C9}.Debug|Any CPU.ActiveCfg = Debug|Any CPU
		{F793BF20-3156-4EF6-866A-5B910A5EC9C9}.Debug|Any CPU.Build.0 = Debug|Any CPU
		{F793BF20-3156-4EF6-866A-5B910A5EC9C9}.Debug|x64.ActiveCfg = Debug|Any CPU
		{F793BF20-3156-4EF6-866A-5B910A5EC9C9}.Debug|x64.Build.0 = Debug|Any CPU
		{F793BF20-3156-4EF6-866A-5B910A5EC9C9}.Debug|x86.ActiveCfg = Debug|Any CPU
		{F793BF20-3156-4EF6-866A-5B910A5EC9C9}.Debug|x86.Build.0 = Debug|Any CPU
		{F793BF20-3156-4EF6-866A-5B910A5EC9C9}.Release|Any CPU.ActiveCfg = Release|Any CPU
		{F793BF20-3156-4EF6-866A-5B910A5EC9C9}.Release|Any CPU.Build.0 = Release|Any CPU
		{F793BF20-3156-4EF6-866A-5B910A5EC9C9}.Release|x64.ActiveCfg = Release|Any CPU
		{F793BF20-3156-4EF6-866A-5B910A5EC9C9}.Release|x64.Build.0 = Release|Any CPU
		{F793BF20-3156-4EF6-866A-5B910A5EC9C9}.Release|x86.ActiveCfg = Release|Any CPU
		{F793BF20-3156-4EF6-866A-5B910A5EC9C9}.Release|x86.Build.0 = Release|Any CPU
		{98317238-D8DD-4236-94ED-87AA0D95696E}.Debug|Any CPU.ActiveCfg = Debug|Any CPU
		{98317238-D8DD-4236-94ED-87AA0D95696E}.Debug|Any CPU.Build.0 = Debug|Any CPU
		{98317238-D8DD-4236-94ED-87AA0D95696E}.Debug|x64.ActiveCfg = Debug|Any CPU
		{98317238-D8DD-4236-94ED-87AA0D95696E}.Debug|x64.Build.0 = Debug|Any CPU
		{98317238-D8DD-4236-94ED-87AA0D95696E}.Debug|x86.ActiveCfg = Debug|Any CPU
		{98317238-D8DD-4236-94ED-87AA0D95696E}.Debug|x86.Build.0 = Debug|Any CPU
		{98317238-D8DD-4236-94ED-87AA0D95696E}.Release|Any CPU.ActiveCfg = Release|Any CPU
		{98317238-D8DD-4236-94ED-87AA0D95696E}.Release|Any CPU.Build.0 = Release|Any CPU
		{98317238-D8DD-4236-94ED-87AA0D95696E}.Release|x64.ActiveCfg = Release|Any CPU
		{98317238-D8DD-4236-94ED-87AA0D95696E}.Release|x64.Build.0 = Release|Any CPU
		{98317238-D8DD-4236-94ED-87AA0D95696E}.Release|x86.ActiveCfg = Release|Any CPU
		{98317238-D8DD-4236-94ED-87AA0D95696E}.Release|x86.Build.0 = Release|Any CPU
		{7490420D-A259-4318-A724-DF6D1E373D0A}.Debug|Any CPU.ActiveCfg = Debug|Any CPU
		{7490420D-A259-4318-A724-DF6D1E373D0A}.Debug|Any CPU.Build.0 = Debug|Any CPU
		{7490420D-A259-4318-A724-DF6D1E373D0A}.Debug|x64.ActiveCfg = Debug|Any CPU
		{7490420D-A259-4318-A724-DF6D1E373D0A}.Debug|x64.Build.0 = Debug|Any CPU
		{7490420D-A259-4318-A724-DF6D1E373D0A}.Debug|x86.ActiveCfg = Debug|Any CPU
		{7490420D-A259-4318-A724-DF6D1E373D0A}.Debug|x86.Build.0 = Debug|Any CPU
		{7490420D-A259-4318-A724-DF6D1E373D0A}.Release|Any CPU.ActiveCfg = Release|Any CPU
		{7490420D-A259-4318-A724-DF6D1E373D0A}.Release|Any CPU.Build.0 = Release|Any CPU
		{7490420D-A259-4318-A724-DF6D1E373D0A}.Release|x64.ActiveCfg = Release|Any CPU
		{7490420D-A259-4318-A724-DF6D1E373D0A}.Release|x64.Build.0 = Release|Any CPU
		{7490420D-A259-4318-A724-DF6D1E373D0A}.Release|x86.ActiveCfg = Release|Any CPU
		{7490420D-A259-4318-A724-DF6D1E373D0A}.Release|x86.Build.0 = Release|Any CPU
	EndGlobalSection
	GlobalSection(NestedProjects) = preSolution
		{7490420D-A259-4318-A724-DF6D1E373D0A} = {19857BF0-BC40-11EC-9C2A-657D489446C2}
		{B879EA46-1DE2-4C1C-B3E0-E275D2DD62CE} = {1C8FD5C0-BC40-11EC-9C2A-657D489446C2}
		{F793BF20-3156-4EF6-866A-5B910A5EC9C9} = {1C8FD5C0-BC40-11EC-9C2A-657D489446C2}
		{98317238-D8DD-4236-94ED-87AA0D95696E} = {1C8FD5C0-BC40-11EC-9C2A-657D489446C2}
	EndGlobalSection
EndGlobal
